// !$*UTF8*$!
{
	archiveVersion = 1;
	classes = {
	};
	objectVersion = 56;
	objects = {

/* Begin PBXBuildFile section */
		032F47882A7BA48D008404E3 /* AppDelegate.swift in Sources */ = {isa = PBXBuildFile; fileRef = 032F47872A7BA48D008404E3 /* AppDelegate.swift */; };
		032F478A2A7BA48D008404E3 /* SceneDelegate.swift in Sources */ = {isa = PBXBuildFile; fileRef = 032F47892A7BA48D008404E3 /* SceneDelegate.swift */; };
		032F478C2A7BA48D008404E3 /* CarsViewController.swift in Sources */ = {isa = PBXBuildFile; fileRef = 032F478B2A7BA48D008404E3 /* CarsViewController.swift */; };
		032F47912A7BA48F008404E3 /* Assets.xcassets in Resources */ = {isa = PBXBuildFile; fileRef = 032F47902A7BA48F008404E3 /* Assets.xcassets */; };
		032F47942A7BA48F008404E3 /* LaunchScreen.storyboard in Resources */ = {isa = PBXBuildFile; fileRef = 032F47922A7BA48F008404E3 /* LaunchScreen.storyboard */; };
		032F47A12A7BAD49008404E3 /* RequestManager.swift in Sources */ = {isa = PBXBuildFile; fileRef = 032F47A02A7BAD49008404E3 /* RequestManager.swift */; };
		032F47A82A7BB451008404E3 /* Kingfisher in Frameworks */ = {isa = PBXBuildFile; productRef = 032F47A72A7BB451008404E3 /* Kingfisher */; };
		032F47AA2A7BB461008404E3 /* CarCell.swift in Sources */ = {isa = PBXBuildFile; fileRef = 032F47A92A7BB461008404E3 /* CarCell.swift */; };
		032F47AE2A7BB756008404E3 /* Colors.swift in Sources */ = {isa = PBXBuildFile; fileRef = 032F47AD2A7BB756008404E3 /* Colors.swift */; };
		032F47B32A7BC05D008404E3 /* CarDetailViewController.swift in Sources */ = {isa = PBXBuildFile; fileRef = 032F47B22A7BC05D008404E3 /* CarDetailViewController.swift */; };
		032F47B92A7BE075008404E3 /* CarInfo.swift in Sources */ = {isa = PBXBuildFile; fileRef = 032F47B82A7BE075008404E3 /* CarInfo.swift */; };
		032F47BB2A7BE673008404E3 /* Post.swift in Sources */ = {isa = PBXBuildFile; fileRef = 032F47BA2A7BE673008404E3 /* Post.swift */; };
		032F47BD2A7BE683008404E3 /* CarInfoDetail.swift in Sources */ = {isa = PBXBuildFile; fileRef = 032F47BC2A7BE683008404E3 /* CarInfoDetail.swift */; };
		032F47BF2A7C04D9008404E3 /* PostCell.swift in Sources */ = {isa = PBXBuildFile; fileRef = 032F47BE2A7C04D9008404E3 /* PostCell.swift */; };
		032F47C12A7C3E31008404E3 /* CarHeaderView.swift in Sources */ = {isa = PBXBuildFile; fileRef = 032F47C02A7C3E31008404E3 /* CarHeaderView.swift */; };
		032F47C32A7CFE5C008404E3 /* Constraints.swift in Sources */ = {isa = PBXBuildFile; fileRef = 032F47C22A7CFE5C008404E3 /* Constraints.swift */; };
		032F47C62A7D1498008404E3 /* Layers.swift in Sources */ = {isa = PBXBuildFile; fileRef = 032F47C52A7D1498008404E3 /* Layers.swift */; };
		032F47C82A7D14BA008404E3 /* FontSizes.swift in Sources */ = {isa = PBXBuildFile; fileRef = 032F47C72A7D14BA008404E3 /* FontSizes.swift */; };
/* End PBXBuildFile section */

/* Begin PBXFileReference section */
		032F47842A7BA48D008404E3 /* AutoCatalog.app */ = {isa = PBXFileReference; explicitFileType = wrapper.application; includeInIndex = 0; path = AutoCatalog.app; sourceTree = BUILT_PRODUCTS_DIR; };
		032F47872A7BA48D008404E3 /* AppDelegate.swift */ = {isa = PBXFileReference; lastKnownFileType = sourcecode.swift; path = AppDelegate.swift; sourceTree = "<group>"; };
		032F47892A7BA48D008404E3 /* SceneDelegate.swift */ = {isa = PBXFileReference; lastKnownFileType = sourcecode.swift; path = SceneDelegate.swift; sourceTree = "<group>"; };
		032F478B2A7BA48D008404E3 /* CarsViewController.swift */ = {isa = PBXFileReference; lastKnownFileType = sourcecode.swift; path = CarsViewController.swift; sourceTree = "<group>"; };
		032F47902A7BA48F008404E3 /* Assets.xcassets */ = {isa = PBXFileReference; lastKnownFileType = folder.assetcatalog; path = Assets.xcassets; sourceTree = "<group>"; };
		032F47932A7BA48F008404E3 /* Base */ = {isa = PBXFileReference; lastKnownFileType = file.storyboard; name = Base; path = Base.lproj/LaunchScreen.storyboard; sourceTree = "<group>"; };
		032F47952A7BA48F008404E3 /* Info.plist */ = {isa = PBXFileReference; lastKnownFileType = text.plist.xml; path = Info.plist; sourceTree = "<group>"; };
		032F47A02A7BAD49008404E3 /* RequestManager.swift */ = {isa = PBXFileReference; lastKnownFileType = sourcecode.swift; path = RequestManager.swift; sourceTree = "<group>"; };
		032F47A92A7BB461008404E3 /* CarCell.swift */ = {isa = PBXFileReference; lastKnownFileType = sourcecode.swift; path = CarCell.swift; sourceTree = "<group>"; };
		032F47AD2A7BB756008404E3 /* Colors.swift */ = {isa = PBXFileReference; lastKnownFileType = sourcecode.swift; path = Colors.swift; sourceTree = "<group>"; };
		032F47B22A7BC05D008404E3 /* CarDetailViewController.swift */ = {isa = PBXFileReference; lastKnownFileType = sourcecode.swift; path = CarDetailViewController.swift; sourceTree = "<group>"; };
		032F47B82A7BE075008404E3 /* CarInfo.swift */ = {isa = PBXFileReference; lastKnownFileType = sourcecode.swift; path = CarInfo.swift; sourceTree = "<group>"; };
		032F47BA2A7BE673008404E3 /* Post.swift */ = {isa = PBXFileReference; lastKnownFileType = sourcecode.swift; path = Post.swift; sourceTree = "<group>"; };
		032F47BC2A7BE683008404E3 /* CarInfoDetail.swift */ = {isa = PBXFileReference; lastKnownFileType = sourcecode.swift; path = CarInfoDetail.swift; sourceTree = "<group>"; };
		032F47BE2A7C04D9008404E3 /* PostCell.swift */ = {isa = PBXFileReference; lastKnownFileType = sourcecode.swift; path = PostCell.swift; sourceTree = "<group>"; };
		032F47C02A7C3E31008404E3 /* CarHeaderView.swift */ = {isa = PBXFileReference; lastKnownFileType = sourcecode.swift; path = CarHeaderView.swift; sourceTree = "<group>"; };
		032F47C22A7CFE5C008404E3 /* Constraints.swift */ = {isa = PBXFileReference; lastKnownFileType = sourcecode.swift; path = Constraints.swift; sourceTree = "<group>"; };
		032F47C52A7D1498008404E3 /* Layers.swift */ = {isa = PBXFileReference; lastKnownFileType = sourcecode.swift; path = Layers.swift; sourceTree = "<group>"; };
		032F47C72A7D14BA008404E3 /* FontSizes.swift */ = {isa = PBXFileReference; lastKnownFileType = sourcecode.swift; path = FontSizes.swift; sourceTree = "<group>"; };
/* End PBXFileReference section */

/* Begin PBXFrameworksBuildPhase section */
		032F47812A7BA48D008404E3 /* Frameworks */ = {
			isa = PBXFrameworksBuildPhase;
			buildActionMask = 2147483647;
			files = (
				032F47A82A7BB451008404E3 /* Kingfisher in Frameworks */,
			);
			runOnlyForDeploymentPostprocessing = 0;
		};
/* End PBXFrameworksBuildPhase section */

/* Begin PBXGroup section */
		032F477B2A7BA48D008404E3 = {
			isa = PBXGroup;
			children = (
				032F47862A7BA48D008404E3 /* AutoCatalog */,
				032F47852A7BA48D008404E3 /* Products */,
			);
			sourceTree = "<group>";
		};
		032F47852A7BA48D008404E3 /* Products */ = {
			isa = PBXGroup;
			children = (
				032F47842A7BA48D008404E3 /* AutoCatalog.app */,
			);
			name = Products;
			sourceTree = "<group>";
		};
		032F47862A7BA48D008404E3 /* AutoCatalog */ = {
			isa = PBXGroup;
			children = (
				032F47872A7BA48D008404E3 /* AppDelegate.swift */,
				032F47892A7BA48D008404E3 /* SceneDelegate.swift */,
				032F47A22A7BB387008404E3 /* FirstScreen */,
				032F47B12A7BC027008404E3 /* SecondScreen */,
				032F479B2A7BA892008404E3 /* RequestManager */,
				032F47C42A7D1437008404E3 /* Constants */,
				032F47AC2A7BB728008404E3 /* SupportFiles */,
				032F47952A7BA48F008404E3 /* Info.plist */,
			);
			path = AutoCatalog;
			sourceTree = "<group>";
		};
		032F479B2A7BA892008404E3 /* RequestManager */ = {
			isa = PBXGroup;
			children = (
				032F47A42A7BB3FB008404E3 /* Models */,
				032F47A02A7BAD49008404E3 /* RequestManager.swift */,
			);
			path = RequestManager;
			sourceTree = "<group>";
		};
		032F47A22A7BB387008404E3 /* FirstScreen */ = {
			isa = PBXGroup;
			children = (
				032F47A92A7BB461008404E3 /* CarCell.swift */,
				032F478B2A7BA48D008404E3 /* CarsViewController.swift */,
			);
			path = FirstScreen;
			sourceTree = "<group>";
		};
		032F47A42A7BB3FB008404E3 /* Models */ = {
			isa = PBXGroup;
			children = (
				032F47BA2A7BE673008404E3 /* Post.swift */,
				032F47B82A7BE075008404E3 /* CarInfo.swift */,
				032F47BC2A7BE683008404E3 /* CarInfoDetail.swift */,
			);
			path = Models;
			sourceTree = "<group>";
		};
		032F47AB2A7BB650008404E3 /* Storyboards */ = {
			isa = PBXGroup;
			children = (
				032F47922A7BA48F008404E3 /* LaunchScreen.storyboard */,
			);
			path = Storyboards;
			sourceTree = "<group>";
		};
		032F47AC2A7BB728008404E3 /* SupportFiles */ = {
			isa = PBXGroup;
			children = (
				032F47902A7BA48F008404E3 /* Assets.xcassets */,
				032F47AB2A7BB650008404E3 /* Storyboards */,
			);
			path = SupportFiles;
			sourceTree = "<group>";
		};
		032F47B12A7BC027008404E3 /* SecondScreen */ = {
			isa = PBXGroup;
			children = (
				032F47BE2A7C04D9008404E3 /* PostCell.swift */,
				032F47C02A7C3E31008404E3 /* CarHeaderView.swift */,
				032F47B22A7BC05D008404E3 /* CarDetailViewController.swift */,
			);
			path = SecondScreen;
			sourceTree = "<group>";
		};
		032F47C42A7D1437008404E3 /* Constants */ = {
			isa = PBXGroup;
			children = (
				032F47AD2A7BB756008404E3 /* Colors.swift */,
				032F47C72A7D14BA008404E3 /* FontSizes.swift */,
				032F47C52A7D1498008404E3 /* Layers.swift */,
				032F47C22A7CFE5C008404E3 /* Constraints.swift */,
			);
			path = Constants;
			sourceTree = "<group>";
		};
/* End PBXGroup section */

/* Begin PBXNativeTarget section */
		032F47832A7BA48D008404E3 /* AutoCatalog */ = {
			isa = PBXNativeTarget;
			buildConfigurationList = 032F47982A7BA48F008404E3 /* Build configuration list for PBXNativeTarget "AutoCatalog" */;
			buildPhases = (
				032F47802A7BA48D008404E3 /* Sources */,
				032F47812A7BA48D008404E3 /* Frameworks */,
				032F47822A7BA48D008404E3 /* Resources */,
			);
			buildRules = (
			);
			dependencies = (
			);
			name = AutoCatalog;
			packageProductDependencies = (
				032F47A72A7BB451008404E3 /* Kingfisher */,
			);
			productName = AutoCatalog;
			productReference = 032F47842A7BA48D008404E3 /* AutoCatalog.app */;
			productType = "com.apple.product-type.application";
		};
/* End PBXNativeTarget section */

/* Begin PBXProject section */
		032F477C2A7BA48D008404E3 /* Project object */ = {
			isa = PBXProject;
			attributes = {
				BuildIndependentTargetsInParallel = 1;
				LastSwiftUpdateCheck = 1430;
				LastUpgradeCheck = 1430;
				TargetAttributes = {
					032F47832A7BA48D008404E3 = {
						CreatedOnToolsVersion = 14.3.1;
					};
				};
			};
			buildConfigurationList = 032F477F2A7BA48D008404E3 /* Build configuration list for PBXProject "AutoCatalog" */;
			compatibilityVersion = "Xcode 14.0";
			developmentRegion = en;
			hasScannedForEncodings = 0;
			knownRegions = (
				en,
				Base,
			);
			mainGroup = 032F477B2A7BA48D008404E3;
			packageReferences = (
				032F47A62A7BB451008404E3 /* XCRemoteSwiftPackageReference "Kingfisher" */,
			);
			productRefGroup = 032F47852A7BA48D008404E3 /* Products */;
			projectDirPath = "";
			projectRoot = "";
			targets = (
				032F47832A7BA48D008404E3 /* AutoCatalog */,
			);
		};
/* End PBXProject section */

/* Begin PBXResourcesBuildPhase section */
		032F47822A7BA48D008404E3 /* Resources */ = {
			isa = PBXResourcesBuildPhase;
			buildActionMask = 2147483647;
			files = (
				032F47942A7BA48F008404E3 /* LaunchScreen.storyboard in Resources */,
				032F47912A7BA48F008404E3 /* Assets.xcassets in Resources */,
			);
			runOnlyForDeploymentPostprocessing = 0;
		};
/* End PBXResourcesBuildPhase section */

/* Begin PBXSourcesBuildPhase section */
		032F47802A7BA48D008404E3 /* Sources */ = {
			isa = PBXSourcesBuildPhase;
			buildActionMask = 2147483647;
			files = (
				032F47AA2A7BB461008404E3 /* CarCell.swift in Sources */,
				032F47C82A7D14BA008404E3 /* FontSizes.swift in Sources */,
				032F47A12A7BAD49008404E3 /* RequestManager.swift in Sources */,
				032F47B32A7BC05D008404E3 /* CarDetailViewController.swift in Sources */,
				032F47AE2A7BB756008404E3 /* Colors.swift in Sources */,
				032F478C2A7BA48D008404E3 /* CarsViewController.swift in Sources */,
				032F47BD2A7BE683008404E3 /* CarInfoDetail.swift in Sources */,
				032F47882A7BA48D008404E3 /* AppDelegate.swift in Sources */,
				032F47C12A7C3E31008404E3 /* CarHeaderView.swift in Sources */,
				032F47B92A7BE075008404E3 /* CarInfo.swift in Sources */,
				032F47C32A7CFE5C008404E3 /* Constraints.swift in Sources */,
				032F47BF2A7C04D9008404E3 /* PostCell.swift in Sources */,
				032F478A2A7BA48D008404E3 /* SceneDelegate.swift in Sources */,
				032F47BB2A7BE673008404E3 /* Post.swift in Sources */,
				032F47C62A7D1498008404E3 /* Layers.swift in Sources */,
			);
			runOnlyForDeploymentPostprocessing = 0;
		};
/* End PBXSourcesBuildPhase section */

/* Begin PBXVariantGroup section */
		032F47922A7BA48F008404E3 /* LaunchScreen.storyboard */ = {
			isa = PBXVariantGroup;
			children = (
				032F47932A7BA48F008404E3 /* Base */,
			);
			name = LaunchScreen.storyboard;
			sourceTree = "<group>";
		};
/* End PBXVariantGroup section */

/* Begin XCBuildConfiguration section */
		032F47962A7BA48F008404E3 /* Debug */ = {
			isa = XCBuildConfiguration;
			buildSettings = {
				ALWAYS_SEARCH_USER_PATHS = NO;
				CLANG_ANALYZER_NONNULL = YES;
				CLANG_ANALYZER_NUMBER_OBJECT_CONVERSION = YES_AGGRESSIVE;
				CLANG_CXX_LANGUAGE_STANDARD = "gnu++20";
				CLANG_ENABLE_MODULES = YES;
				CLANG_ENABLE_OBJC_ARC = YES;
				CLANG_ENABLE_OBJC_WEAK = YES;
				CLANG_WARN_BLOCK_CAPTURE_AUTORELEASING = YES;
				CLANG_WARN_BOOL_CONVERSION = YES;
				CLANG_WARN_COMMA = YES;
				CLANG_WARN_CONSTANT_CONVERSION = YES;
				CLANG_WARN_DEPRECATED_OBJC_IMPLEMENTATIONS = YES;
				CLANG_WARN_DIRECT_OBJC_ISA_USAGE = YES_ERROR;
				CLANG_WARN_DOCUMENTATION_COMMENTS = YES;
				CLANG_WARN_EMPTY_BODY = YES;
				CLANG_WARN_ENUM_CONVERSION = YES;
				CLANG_WARN_INFINITE_RECURSION = YES;
				CLANG_WARN_INT_CONVERSION = YES;
				CLANG_WARN_NON_LITERAL_NULL_CONVERSION = YES;
				CLANG_WARN_OBJC_IMPLICIT_RETAIN_SELF = YES;
				CLANG_WARN_OBJC_LITERAL_CONVERSION = YES;
				CLANG_WARN_OBJC_ROOT_CLASS = YES_ERROR;
				CLANG_WARN_QUOTED_INCLUDE_IN_FRAMEWORK_HEADER = YES;
				CLANG_WARN_RANGE_LOOP_ANALYSIS = YES;
				CLANG_WARN_STRICT_PROTOTYPES = YES;
				CLANG_WARN_SUSPICIOUS_MOVE = YES;
				CLANG_WARN_UNGUARDED_AVAILABILITY = YES_AGGRESSIVE;
				CLANG_WARN_UNREACHABLE_CODE = YES;
				CLANG_WARN__DUPLICATE_METHOD_MATCH = YES;
				COPY_PHASE_STRIP = NO;
				DEBUG_INFORMATION_FORMAT = dwarf;
				ENABLE_STRICT_OBJC_MSGSEND = YES;
				ENABLE_TESTABILITY = YES;
				GCC_C_LANGUAGE_STANDARD = gnu11;
				GCC_DYNAMIC_NO_PIC = NO;
				GCC_NO_COMMON_BLOCKS = YES;
				GCC_OPTIMIZATION_LEVEL = 0;
				GCC_PREPROCESSOR_DEFINITIONS = (
					"DEBUG=1",
					"$(inherited)",
				);
				GCC_WARN_64_TO_32_BIT_CONVERSION = YES;
				GCC_WARN_ABOUT_RETURN_TYPE = YES_ERROR;
				GCC_WARN_UNDECLARED_SELECTOR = YES;
				GCC_WARN_UNINITIALIZED_AUTOS = YES_AGGRESSIVE;
				GCC_WARN_UNUSED_FUNCTION = YES;
				GCC_WARN_UNUSED_VARIABLE = YES;
				IPHONEOS_DEPLOYMENT_TARGET = 16.4;
				MTL_ENABLE_DEBUG_INFO = INCLUDE_SOURCE;
				MTL_FAST_MATH = YES;
				ONLY_ACTIVE_ARCH = YES;
				SDKROOT = iphoneos;
				SWIFT_ACTIVE_COMPILATION_CONDITIONS = DEBUG;
				SWIFT_OPTIMIZATION_LEVEL = "-Onone";
			};
			name = Debug;
		};
		032F47972A7BA48F008404E3 /* Release */ = {
			isa = XCBuildConfiguration;
			buildSettings = {
				ALWAYS_SEARCH_USER_PATHS = NO;
				CLANG_ANALYZER_NONNULL = YES;
				CLANG_ANALYZER_NUMBER_OBJECT_CONVERSION = YES_AGGRESSIVE;
				CLANG_CXX_LANGUAGE_STANDARD = "gnu++20";
				CLANG_ENABLE_MODULES = YES;
				CLANG_ENABLE_OBJC_ARC = YES;
				CLANG_ENABLE_OBJC_WEAK = YES;
				CLANG_WARN_BLOCK_CAPTURE_AUTORELEASING = YES;
				CLANG_WARN_BOOL_CONVERSION = YES;
				CLANG_WARN_COMMA = YES;
				CLANG_WARN_CONSTANT_CONVERSION = YES;
				CLANG_WARN_DEPRECATED_OBJC_IMPLEMENTATIONS = YES;
				CLANG_WARN_DIRECT_OBJC_ISA_USAGE = YES_ERROR;
				CLANG_WARN_DOCUMENTATION_COMMENTS = YES;
				CLANG_WARN_EMPTY_BODY = YES;
				CLANG_WARN_ENUM_CONVERSION = YES;
				CLANG_WARN_INFINITE_RECURSION = YES;
				CLANG_WARN_INT_CONVERSION = YES;
				CLANG_WARN_NON_LITERAL_NULL_CONVERSION = YES;
				CLANG_WARN_OBJC_IMPLICIT_RETAIN_SELF = YES;
				CLANG_WARN_OBJC_LITERAL_CONVERSION = YES;
				CLANG_WARN_OBJC_ROOT_CLASS = YES_ERROR;
				CLANG_WARN_QUOTED_INCLUDE_IN_FRAMEWORK_HEADER = YES;
				CLANG_WARN_RANGE_LOOP_ANALYSIS = YES;
				CLANG_WARN_STRICT_PROTOTYPES = YES;
				CLANG_WARN_SUSPICIOUS_MOVE = YES;
				CLANG_WARN_UNGUARDED_AVAILABILITY = YES_AGGRESSIVE;
				CLANG_WARN_UNREACHABLE_CODE = YES;
				CLANG_WARN__DUPLICATE_METHOD_MATCH = YES;
				COPY_PHASE_STRIP = NO;
				DEBUG_INFORMATION_FORMAT = "dwarf-with-dsym";
				ENABLE_NS_ASSERTIONS = NO;
				ENABLE_STRICT_OBJC_MSGSEND = YES;
				GCC_C_LANGUAGE_STANDARD = gnu11;
				GCC_NO_COMMON_BLOCKS = YES;
				GCC_WARN_64_TO_32_BIT_CONVERSION = YES;
				GCC_WARN_ABOUT_RETURN_TYPE = YES_ERROR;
				GCC_WARN_UNDECLARED_SELECTOR = YES;
				GCC_WARN_UNINITIALIZED_AUTOS = YES_AGGRESSIVE;
				GCC_WARN_UNUSED_FUNCTION = YES;
				GCC_WARN_UNUSED_VARIABLE = YES;
				IPHONEOS_DEPLOYMENT_TARGET = 16.4;
				MTL_ENABLE_DEBUG_INFO = NO;
				MTL_FAST_MATH = YES;
				SDKROOT = iphoneos;
				SWIFT_COMPILATION_MODE = wholemodule;
				SWIFT_OPTIMIZATION_LEVEL = "-O";
				VALIDATE_PRODUCT = YES;
			};
			name = Release;
		};
		032F47992A7BA48F008404E3 /* Debug */ = {
			isa = XCBuildConfiguration;
			buildSettings = {
				ASSETCATALOG_COMPILER_APPICON_NAME = AppIcon;
				ASSETCATALOG_COMPILER_GLOBAL_ACCENT_COLOR_NAME = AccentColor;
				CODE_SIGN_STYLE = Automatic;
				CURRENT_PROJECT_VERSION = 1;
				DEVELOPMENT_TEAM = 5G3L9PJKC3;
				GENERATE_INFOPLIST_FILE = YES;
				INFOPLIST_FILE = AutoCatalog/Info.plist;
				INFOPLIST_KEY_UIApplicationSupportsIndirectInputEvents = YES;
				INFOPLIST_KEY_UILaunchStoryboardName = LaunchScreen;
				INFOPLIST_KEY_UISupportedInterfaceOrientations_iPad = "UIInterfaceOrientationPortrait UIInterfaceOrientationPortraitUpsideDown UIInterfaceOrientationLandscapeLeft UIInterfaceOrientationLandscapeRight";
				INFOPLIST_KEY_UISupportedInterfaceOrientations_iPhone = "UIInterfaceOrientationPortrait UIInterfaceOrientationLandscapeLeft UIInterfaceOrientationLandscapeRight";
				LD_RUNPATH_SEARCH_PATHS = (
					"$(inherited)",
					"@executable_path/Frameworks",
				);
				MARKETING_VERSION = 1.0;
				PRODUCT_BUNDLE_IDENTIFIER = sashabravos.AutoCatalog;
				PRODUCT_NAME = "$(TARGET_NAME)";
				SUPPORTED_PLATFORMS = "iphoneos iphonesimulator";
				SUPPORTS_MACCATALYST = NO;
				SUPPORTS_MAC_DESIGNED_FOR_IPHONE_IPAD = NO;
				SWIFT_EMIT_LOC_STRINGS = YES;
				SWIFT_VERSION = 5.0;
				TARGETED_DEVICE_FAMILY = 1;
			};
			name = Debug;
		};
		032F479A2A7BA48F008404E3 /* Release */ = {
			isa = XCBuildConfiguration;
			buildSettings = {
				ASSETCATALOG_COMPILER_APPICON_NAME = AppIcon;
				ASSETCATALOG_COMPILER_GLOBAL_ACCENT_COLOR_NAME = AccentColor;
				CODE_SIGN_STYLE = Automatic;
				CURRENT_PROJECT_VERSION = 1;
				DEVELOPMENT_TEAM = 5G3L9PJKC3;
				GENERATE_INFOPLIST_FILE = YES;
				INFOPLIST_FILE = AutoCatalog/Info.plist;
				INFOPLIST_KEY_UIApplicationSupportsIndirectInputEvents = YES;
				INFOPLIST_KEY_UILaunchStoryboardName = LaunchScreen;
				INFOPLIST_KEY_UISupportedInterfaceOrientations_iPad = "UIInterfaceOrientationPortrait UIInterfaceOrientationPortraitUpsideDown UIInterfaceOrientationLandscapeLeft UIInterfaceOrientationLandscapeRight";
				INFOPLIST_KEY_UISupportedInterfaceOrientations_iPhone = "UIInterfaceOrientationPortrait UIInterfaceOrientationLandscapeLeft UIInterfaceOrientationLandscapeRight";
				LD_RUNPATH_SEARCH_PATHS = (
					"$(inherited)",
					"@executable_path/Frameworks",
				);
				MARKETING_VERSION = 1.0;
				PRODUCT_BUNDLE_IDENTIFIER = sashabravos.AutoCatalog;
				PRODUCT_NAME = "$(TARGET_NAME)";
				SUPPORTED_PLATFORMS = "iphoneos iphonesimulator";
				SUPPORTS_MACCATALYST = NO;
				SUPPORTS_MAC_DESIGNED_FOR_IPHONE_IPAD = NO;
				SWIFT_EMIT_LOC_STRINGS = YES;
				SWIFT_VERSION = 5.0;
				TARGETED_DEVICE_FAMILY = 1;
			};
			name = Release;
		};
/* End XCBuildConfiguration section */

/* Begin XCConfigurationList section */
		032F477F2A7BA48D008404E3 /* Build configuration list for PBXProject "AutoCatalog" */ = {
			isa = XCConfigurationList;
			buildConfigurations = (
				032F47962A7BA48F008404E3 /* Debug */,
				032F47972A7BA48F008404E3 /* Release */,
			);
			defaultConfigurationIsVisible = 0;
			defaultConfigurationName = Release;
		};
		032F47982A7BA48F008404E3 /* Build configuration list for PBXNativeTarget "AutoCatalog" */ = {
			isa = XCConfigurationList;
			buildConfigurations = (
				032F47992A7BA48F008404E3 /* Debug */,
				032F479A2A7BA48F008404E3 /* Release */,
			);
			defaultConfigurationIsVisible = 0;
			defaultConfigurationName = Release;
		};
/* End XCConfigurationList section */

/* Begin XCRemoteSwiftPackageReference section */
		032F47A62A7BB451008404E3 /* XCRemoteSwiftPackageReference "Kingfisher" */ = {
			isa = XCRemoteSwiftPackageReference;
			repositoryURL = "https://github.com/onevcat/Kingfisher.git";
			requirement = {
				kind = upToNextMajorVersion;
				minimumVersion = 7.0.0;
			};
		};
/* End XCRemoteSwiftPackageReference section */

/* Begin XCSwiftPackageProductDependency section */
		032F47A72A7BB451008404E3 /* Kingfisher */ = {
			isa = XCSwiftPackageProductDependency;
			package = 032F47A62A7BB451008404E3 /* XCRemoteSwiftPackageReference "Kingfisher" */;
			productName = Kingfisher;
		};
/* End XCSwiftPackageProductDependency section */
	};
	rootObject = 032F477C2A7BA48D008404E3 /* Project object */;
}
